// !$*UTF8*$!
{
	archiveVersion = 1;
	classes = {
	};
	objectVersion = 56;
	objects = {

/* Begin PBXBuildFile section */
		5888D04A2AB30808004CE0FD /* CameraPreview.swift in Sources */ = {isa = PBXBuildFile; fileRef = 5888D0492AB30808004CE0FD /* CameraPreview.swift */; };
		5888D04C2AB30826004CE0FD /* CameraView.swift in Sources */ = {isa = PBXBuildFile; fileRef = 5888D04B2AB30826004CE0FD /* CameraView.swift */; };
		5888D04E2AB3084D004CE0FD /* CameraViewController.swift in Sources */ = {isa = PBXBuildFile; fileRef = 5888D04D2AB3084D004CE0FD /* CameraViewController.swift */; };
		5888D0502AB3111D004CE0FD /* FingersOverlay.swift in Sources */ = {isa = PBXBuildFile; fileRef = 5888D04F2AB3111D004CE0FD /* FingersOverlay.swift */; };
		58B3E6142AACA2E200EA71FA /* Vision.framework in Frameworks */ = {isa = PBXBuildFile; fileRef = 58B3E6122AACA2AE00EA71FA /* Vision.framework */; };
		58B3E61A2AACF39A00EA71FA /* VisionKit.framework in Frameworks */ = {isa = PBXBuildFile; fileRef = 58B3E6192AACF39A00EA71FA /* VisionKit.framework */; };
		58B6DB672AA7267B006FFA1B /* Language_MarkApp.swift in Sources */ = {isa = PBXBuildFile; fileRef = 58B6DB662AA7267B006FFA1B /* Language_MarkApp.swift */; };
		58B6DB692AA7267B006FFA1B /* ContentView.swift in Sources */ = {isa = PBXBuildFile; fileRef = 58B6DB682AA7267B006FFA1B /* ContentView.swift */; };
		58B6DB6B2AA7267D006FFA1B /* Assets.xcassets in Resources */ = {isa = PBXBuildFile; fileRef = 58B6DB6A2AA7267D006FFA1B /* Assets.xcassets */; };
		58B6DB6E2AA7267D006FFA1B /* Preview Assets.xcassets in Resources */ = {isa = PBXBuildFile; fileRef = 58B6DB6D2AA7267D006FFA1B /* Preview Assets.xcassets */; };
		58B6DB752AA729E2006FFA1B /* Study_Page.swift in Sources */ = {isa = PBXBuildFile; fileRef = 58B6DB742AA729E2006FFA1B /* Study_Page.swift */; };
		58B6DB772AA72DF3006FFA1B /* Quiz_Page.swift in Sources */ = {isa = PBXBuildFile; fileRef = 58B6DB762AA72DF3006FFA1B /* Quiz_Page.swift */; };
		58F335032ADE996200331AA8 /* handModel.mlmodel in Sources */ = {isa = PBXBuildFile; fileRef = 58F335022ADE996200331AA8 /* handModel.mlmodel */; };
/* End PBXBuildFile section */

/* Begin PBXFileReference section */
		5888D0492AB30808004CE0FD /* CameraPreview.swift */ = {isa = PBXFileReference; lastKnownFileType = sourcecode.swift; path = CameraPreview.swift; sourceTree = "<group>"; };
		5888D04B2AB30826004CE0FD /* CameraView.swift */ = {isa = PBXFileReference; lastKnownFileType = sourcecode.swift; path = CameraView.swift; sourceTree = "<group>"; };
		5888D04D2AB3084D004CE0FD /* CameraViewController.swift */ = {isa = PBXFileReference; lastKnownFileType = sourcecode.swift; path = CameraViewController.swift; sourceTree = "<group>"; };
		5888D04F2AB3111D004CE0FD /* FingersOverlay.swift */ = {isa = PBXFileReference; lastKnownFileType = sourcecode.swift; path = FingersOverlay.swift; sourceTree = "<group>"; };
		58B3E6122AACA2AE00EA71FA /* Vision.framework */ = {isa = PBXFileReference; lastKnownFileType = wrapper.framework; name = Vision.framework; path = System/Library/Frameworks/Vision.framework; sourceTree = SDKROOT; };
		58B3E6192AACF39A00EA71FA /* VisionKit.framework */ = {isa = PBXFileReference; lastKnownFileType = wrapper.framework; name = VisionKit.framework; path = System/Library/Frameworks/VisionKit.framework; sourceTree = SDKROOT; };
		58B6DB632AA7267B006FFA1B /* Language_Mark.app */ = {isa = PBXFileReference; explicitFileType = wrapper.application; includeInIndex = 0; path = Language_Mark.app; sourceTree = BUILT_PRODUCTS_DIR; };
		58B6DB662AA7267B006FFA1B /* Language_MarkApp.swift */ = {isa = PBXFileReference; lastKnownFileType = sourcecode.swift; path = Language_MarkApp.swift; sourceTree = "<group>"; };
		58B6DB682AA7267B006FFA1B /* ContentView.swift */ = {isa = PBXFileReference; lastKnownFileType = sourcecode.swift; path = ContentView.swift; sourceTree = "<group>"; };
		58B6DB6A2AA7267D006FFA1B /* Assets.xcassets */ = {isa = PBXFileReference; lastKnownFileType = folder.assetcatalog; path = Assets.xcassets; sourceTree = "<group>"; };
		58B6DB6D2AA7267D006FFA1B /* Preview Assets.xcassets */ = {isa = PBXFileReference; lastKnownFileType = folder.assetcatalog; path = "Preview Assets.xcassets"; sourceTree = "<group>"; };
		58B6DB742AA729E2006FFA1B /* Study_Page.swift */ = {isa = PBXFileReference; lastKnownFileType = sourcecode.swift; path = Study_Page.swift; sourceTree = "<group>"; };
		58B6DB762AA72DF3006FFA1B /* Quiz_Page.swift */ = {isa = PBXFileReference; lastKnownFileType = sourcecode.swift; path = Quiz_Page.swift; sourceTree = "<group>"; };
		58F335022ADE996200331AA8 /* handModel.mlmodel */ = {isa = PBXFileReference; lastKnownFileType = file.mlmodel; path = handModel.mlmodel; sourceTree = "<group>"; };
/* End PBXFileReference section */

/* Begin PBXFrameworksBuildPhase section */
		58B6DB602AA7267B006FFA1B /* Frameworks */ = {
			isa = PBXFrameworksBuildPhase;
			buildActionMask = 2147483647;
			files = (
				58B3E6142AACA2E200EA71FA /* Vision.framework in Frameworks */,
				58B3E61A2AACF39A00EA71FA /* VisionKit.framework in Frameworks */,
			);
			runOnlyForDeploymentPostprocessing = 0;
		};
/* End PBXFrameworksBuildPhase section */

/* Begin PBXGroup section */
		5888D0482AB307DC004CE0FD /* CameraFolder */ = {
			isa = PBXGroup;
			children = (
				5888D0492AB30808004CE0FD /* CameraPreview.swift */,
				5888D04B2AB30826004CE0FD /* CameraView.swift */,
				5888D04D2AB3084D004CE0FD /* CameraViewController.swift */,
			);
			name = CameraFolder;
			sourceTree = "<group>";
		};
		58B3E6112AACA2AE00EA71FA /* Frameworks */ = {
			isa = PBXGroup;
			children = (
				58B3E6192AACF39A00EA71FA /* VisionKit.framework */,
				58B3E6122AACA2AE00EA71FA /* Vision.framework */,
			);
			name = Frameworks;
			sourceTree = "<group>";
		};
		58B6DB5A2AA7267B006FFA1B = {
			isa = PBXGroup;
			children = (
				58B6DB652AA7267B006FFA1B /* Language_Mark */,
				58B6DB642AA7267B006FFA1B /* Products */,
				58B3E6112AACA2AE00EA71FA /* Frameworks */,
			);
			sourceTree = "<group>";
		};
		58B6DB642AA7267B006FFA1B /* Products */ = {
			isa = PBXGroup;
			children = (
				58B6DB632AA7267B006FFA1B /* Language_Mark.app */,
			);
			name = Products;
			sourceTree = "<group>";
		};
		58B6DB652AA7267B006FFA1B /* Language_Mark */ = {
			isa = PBXGroup;
			children = (
				58F335022ADE996200331AA8 /* handModel.mlmodel */,
				58B6DB662AA7267B006FFA1B /* Language_MarkApp.swift */,
				58B6DB682AA7267B006FFA1B /* ContentView.swift */,
				58B6DB742AA729E2006FFA1B /* Study_Page.swift */,
				5888D0482AB307DC004CE0FD /* CameraFolder */,
				58B6DB762AA72DF3006FFA1B /* Quiz_Page.swift */,
				5888D04F2AB3111D004CE0FD /* FingersOverlay.swift */,
				58B6DB6A2AA7267D006FFA1B /* Assets.xcassets */,
				58B6DB6C2AA7267D006FFA1B /* Preview Content */,
			);
			path = Language_Mark;
			sourceTree = "<group>";
		};
		58B6DB6C2AA7267D006FFA1B /* Preview Content */ = {
			isa = PBXGroup;
			children = (
				58B6DB6D2AA7267D006FFA1B /* Preview Assets.xcassets */,
			);
			path = "Preview Content";
			sourceTree = "<group>";
		};
/* End PBXGroup section */

/* Begin PBXNativeTarget section */
		58B6DB622AA7267B006FFA1B /* Language_Mark */ = {
			isa = PBXNativeTarget;
			buildConfigurationList = 58B6DB712AA7267D006FFA1B /* Build configuration list for PBXNativeTarget "Language_Mark" */;
			buildPhases = (
				58B6DB5F2AA7267B006FFA1B /* Sources */,
				58B6DB602AA7267B006FFA1B /* Frameworks */,
				58B6DB612AA7267B006FFA1B /* Resources */,
			);
			buildRules = (
			);
			dependencies = (
			);
			name = Language_Mark;
			productName = Language_Mark;
			productReference = 58B6DB632AA7267B006FFA1B /* Language_Mark.app */;
			productType = "com.apple.product-type.application";
		};
/* End PBXNativeTarget section */

/* Begin PBXProject section */
		58B6DB5B2AA7267B006FFA1B /* Project object */ = {
			isa = PBXProject;
			attributes = {
				BuildIndependentTargetsInParallel = 1;
				LastSwiftUpdateCheck = 1430;
				LastUpgradeCheck = 1500;
				TargetAttributes = {
					58B6DB622AA7267B006FFA1B = {
						CreatedOnToolsVersion = 14.3.1;
					};
				};
			};
			buildConfigurationList = 58B6DB5E2AA7267B006FFA1B /* Build configuration list for PBXProject "Language_Mark" */;
			compatibilityVersion = "Xcode 14.0";
			developmentRegion = en;
			hasScannedForEncodings = 0;
			knownRegions = (
				en,
				Base,
			);
			mainGroup = 58B6DB5A2AA7267B006FFA1B;
			productRefGroup = 58B6DB642AA7267B006FFA1B /* Products */;
			projectDirPath = "";
			projectRoot = "";
			targets = (
				58B6DB622AA7267B006FFA1B /* Language_Mark */,
			);
		};
/* End PBXProject section */

/* Begin PBXResourcesBuildPhase section */
		58B6DB612AA7267B006FFA1B /* Resources */ = {
			isa = PBXResourcesBuildPhase;
			buildActionMask = 2147483647;
			files = (
				58B6DB6E2AA7267D006FFA1B /* Preview Assets.xcassets in Resources */,
				58B6DB6B2AA7267D006FFA1B /* Assets.xcassets in Resources */,
			);
			runOnlyForDeploymentPostprocessing = 0;
		};
/* End PBXResourcesBuildPhase section */

/* Begin PBXSourcesBuildPhase section */
		58B6DB5F2AA7267B006FFA1B /* Sources */ = {
			isa = PBXSourcesBuildPhase;
			buildActionMask = 2147483647;
			files = (
				58B6DB752AA729E2006FFA1B /* Study_Page.swift in Sources */,
				5888D04E2AB3084D004CE0FD /* CameraViewController.swift in Sources */,
				5888D04A2AB30808004CE0FD /* CameraPreview.swift in Sources */,
				58B6DB692AA7267B006FFA1B /* ContentView.swift in Sources */,
				58F335032ADE996200331AA8 /* handModel.mlmodel in Sources */,
				5888D0502AB3111D004CE0FD /* FingersOverlay.swift in Sources */,
				5888D04C2AB30826004CE0FD /* CameraView.swift in Sources */,
				58B6DB672AA7267B006FFA1B /* Language_MarkApp.swift in Sources */,
				58B6DB772AA72DF3006FFA1B /* Quiz_Page.swift in Sources */,
			);
			runOnlyForDeploymentPostprocessing = 0;
		};
/* End PBXSourcesBuildPhase section */

/* Begin XCBuildConfiguration section */
		58B6DB6F2AA7267D006FFA1B /* Debug */ = {
			isa = XCBuildConfiguration;
			buildSettings = {
				ALWAYS_SEARCH_USER_PATHS = NO;
				CLANG_ANALYZER_NONNULL = YES;
				CLANG_ANALYZER_NUMBER_OBJECT_CONVERSION = YES_AGGRESSIVE;
				CLANG_CXX_LANGUAGE_STANDARD = "gnu++20";
				CLANG_ENABLE_MODULES = YES;
				CLANG_ENABLE_OBJC_ARC = YES;
				CLANG_ENABLE_OBJC_WEAK = YES;
				CLANG_WARN_BLOCK_CAPTURE_AUTORELEASING = YES;
				CLANG_WARN_BOOL_CONVERSION = YES;
				CLANG_WARN_COMMA = YES;
				CLANG_WARN_CONSTANT_CONVERSION = YES;
				CLANG_WARN_DEPRECATED_OBJC_IMPLEMENTATIONS = YES;
				CLANG_WARN_DIRECT_OBJC_ISA_USAGE = YES_ERROR;
				CLANG_WARN_DOCUMENTATION_COMMENTS = YES;
				CLANG_WARN_EMPTY_BODY = YES;
				CLANG_WARN_ENUM_CONVERSION = YES;
				CLANG_WARN_INFINITE_RECURSION = YES;
				CLANG_WARN_INT_CONVERSION = YES;
				CLANG_WARN_NON_LITERAL_NULL_CONVERSION = YES;
				CLANG_WARN_OBJC_IMPLICIT_RETAIN_SELF = YES;
				CLANG_WARN_OBJC_LITERAL_CONVERSION = YES;
				CLANG_WARN_OBJC_ROOT_CLASS = YES_ERROR;
				CLANG_WARN_QUOTED_INCLUDE_IN_FRAMEWORK_HEADER = YES;
				CLANG_WARN_RANGE_LOOP_ANALYSIS = YES;
				CLANG_WARN_STRICT_PROTOTYPES = YES;
				CLANG_WARN_SUSPICIOUS_MOVE = YES;
				CLANG_WARN_UNGUARDED_AVAILABILITY = YES_AGGRESSIVE;
				CLANG_WARN_UNREACHABLE_CODE = YES;
				CLANG_WARN__DUPLICATE_METHOD_MATCH = YES;
				COPY_PHASE_STRIP = NO;
				DEBUG_INFORMATION_FORMAT = dwarf;
				ENABLE_STRICT_OBJC_MSGSEND = YES;
				ENABLE_TESTABILITY = YES;
				ENABLE_USER_SCRIPT_SANDBOXING = YES;
				GCC_C_LANGUAGE_STANDARD = gnu11;
				GCC_DYNAMIC_NO_PIC = NO;
				GCC_NO_COMMON_BLOCKS = YES;
				GCC_OPTIMIZATION_LEVEL = 0;
				GCC_PREPROCESSOR_DEFINITIONS = (
					"DEBUG=1",
					"$(inherited)",
				);
				GCC_WARN_64_TO_32_BIT_CONVERSION = YES;
				GCC_WARN_ABOUT_RETURN_TYPE = YES_ERROR;
				GCC_WARN_UNDECLARED_SELECTOR = YES;
				GCC_WARN_UNINITIALIZED_AUTOS = YES_AGGRESSIVE;
				GCC_WARN_UNUSED_FUNCTION = YES;
				GCC_WARN_UNUSED_VARIABLE = YES;
				IPHONEOS_DEPLOYMENT_TARGET = 16.4;
				MTL_ENABLE_DEBUG_INFO = INCLUDE_SOURCE;
				MTL_FAST_MATH = YES;
				ONLY_ACTIVE_ARCH = YES;
				SDKROOT = iphoneos;
				SWIFT_ACTIVE_COMPILATION_CONDITIONS = DEBUG;
				SWIFT_OPTIMIZATION_LEVEL = "-Onone";
			};
			name = Debug;
		};
		58B6DB702AA7267D006FFA1B /* Release */ = {
			isa = XCBuildConfiguration;
			buildSettings = {
				ALWAYS_SEARCH_USER_PATHS = NO;
				CLANG_ANALYZER_NONNULL = YES;
				CLANG_ANALYZER_NUMBER_OBJECT_CONVERSION = YES_AGGRESSIVE;
				CLANG_CXX_LANGUAGE_STANDARD = "gnu++20";
				CLANG_ENABLE_MODULES = YES;
				CLANG_ENABLE_OBJC_ARC = YES;
				CLANG_ENABLE_OBJC_WEAK = YES;
				CLANG_WARN_BLOCK_CAPTURE_AUTORELEASING = YES;
				CLANG_WARN_BOOL_CONVERSION = YES;
				CLANG_WARN_COMMA = YES;
				CLANG_WARN_CONSTANT_CONVERSION = YES;
				CLANG_WARN_DEPRECATED_OBJC_IMPLEMENTATIONS = YES;
				CLANG_WARN_DIRECT_OBJC_ISA_USAGE = YES_ERROR;
				CLANG_WARN_DOCUMENTATION_COMMENTS = YES;
				CLANG_WARN_EMPTY_BODY = YES;
				CLANG_WARN_ENUM_CONVERSION = YES;
				CLANG_WARN_INFINITE_RECURSION = YES;
				CLANG_WARN_INT_CONVERSION = YES;
				CLANG_WARN_NON_LITERAL_NULL_CONVERSION = YES;
				CLANG_WARN_OBJC_IMPLICIT_RETAIN_SELF = YES;
				CLANG_WARN_OBJC_LITERAL_CONVERSION = YES;
				CLANG_WARN_OBJC_ROOT_CLASS = YES_ERROR;
				CLANG_WARN_QUOTED_INCLUDE_IN_FRAMEWORK_HEADER = YES;
				CLANG_WARN_RANGE_LOOP_ANALYSIS = YES;
				CLANG_WARN_STRICT_PROTOTYPES = YES;
				CLANG_WARN_SUSPICIOUS_MOVE = YES;
				CLANG_WARN_UNGUARDED_AVAILABILITY = YES_AGGRESSIVE;
				CLANG_WARN_UNREACHABLE_CODE = YES;
				CLANG_WARN__DUPLICATE_METHOD_MATCH = YES;
				COPY_PHASE_STRIP = NO;
				DEBUG_INFORMATION_FORMAT = "dwarf-with-dsym";
				ENABLE_NS_ASSERTIONS = NO;
				ENABLE_STRICT_OBJC_MSGSEND = YES;
				ENABLE_USER_SCRIPT_SANDBOXING = YES;
				GCC_C_LANGUAGE_STANDARD = gnu11;
				GCC_NO_COMMON_BLOCKS = YES;
				GCC_WARN_64_TO_32_BIT_CONVERSION = YES;
				GCC_WARN_ABOUT_RETURN_TYPE = YES_ERROR;
				GCC_WARN_UNDECLARED_SELECTOR = YES;
				GCC_WARN_UNINITIALIZED_AUTOS = YES_AGGRESSIVE;
				GCC_WARN_UNUSED_FUNCTION = YES;
				GCC_WARN_UNUSED_VARIABLE = YES;
				IPHONEOS_DEPLOYMENT_TARGET = 16.4;
				MTL_ENABLE_DEBUG_INFO = NO;
				MTL_FAST_MATH = YES;
				SDKROOT = iphoneos;
				SWIFT_COMPILATION_MODE = wholemodule;
				SWIFT_OPTIMIZATION_LEVEL = "-O";
				VALIDATE_PRODUCT = YES;
			};
			name = Release;
		};
		58B6DB722AA7267D006FFA1B /* Debug */ = {
			isa = XCBuildConfiguration;
			buildSettings = {
				ASSETCATALOG_COMPILER_APPICON_NAME = AppIcon;
				ASSETCATALOG_COMPILER_GLOBAL_ACCENT_COLOR_NAME = AccentColor;
				CODE_SIGN_STYLE = Automatic;
				CURRENT_PROJECT_VERSION = 1;
				DEVELOPMENT_ASSET_PATHS = "\"Language_Mark/Preview Content\"";
				DEVELOPMENT_TEAM = 9GNP4TPU8Y;
				ENABLE_PREVIEWS = YES;
				GENERATE_INFOPLIST_FILE = YES;
				INFOPLIST_KEY_NSCameraUsageDescription = "Take Photos";
				INFOPLIST_KEY_UIApplicationSceneManifest_Generation = YES;
				INFOPLIST_KEY_UIApplicationSupportsIndirectInputEvents = YES;
				INFOPLIST_KEY_UILaunchScreen_Generation = YES;
				INFOPLIST_KEY_UISupportedInterfaceOrientations_iPad = "UIInterfaceOrientationPortrait UIInterfaceOrientationPortraitUpsideDown UIInterfaceOrientationLandscapeLeft UIInterfaceOrientationLandscapeRight";
				INFOPLIST_KEY_UISupportedInterfaceOrientations_iPhone = "UIInterfaceOrientationPortrait UIInterfaceOrientationLandscapeLeft UIInterfaceOrientationLandscapeRight";
				LD_RUNPATH_SEARCH_PATHS = (
					"$(inherited)",
					"@executable_path/Frameworks",
				);
				MARKETING_VERSION = 1.0;
				PRODUCT_BUNDLE_IDENTIFIER = "Personal.Language-Mark";
				PRODUCT_NAME = "$(TARGET_NAME)";
				SWIFT_EMIT_LOC_STRINGS = YES;
				SWIFT_VERSION = 5.0;
				TARGETED_DEVICE_FAMILY = "1,2";
			};
			name = Debug;
		};
		58B6DB732AA7267D006FFA1B /* Release */ = {
			isa = XCBuildConfiguration;
			buildSettings = {
				ASSETCATALOG_COMPILER_APPICON_NAME = AppIcon;
				ASSETCATALOG_COMPILER_GLOBAL_ACCENT_COLOR_NAME = AccentColor;
				CODE_SIGN_STYLE = Automatic;
				CURRENT_PROJECT_VERSION = 1;
				DEVELOPMENT_ASSET_PATHS = "\"Language_Mark/Preview Content\"";
				DEVELOPMENT_TEAM = 9GNP4TPU8Y;
				ENABLE_PREVIEWS = YES;
				GENERATE_INFOPLIST_FILE = YES;
				INFOPLIST_KEY_NSCameraUsageDescription = "Take Photos";
				INFOPLIST_KEY_UIApplicationSceneManifest_Generation = YES;
				INFOPLIST_KEY_UIApplicationSupportsIndirectInputEvents = YES;
				INFOPLIST_KEY_UILaunchScreen_Generation = YES;
				INFOPLIST_KEY_UISupportedInterfaceOrientations_iPad = "UIInterfaceOrientationPortrait UIInterfaceOrientationPortraitUpsideDown UIInterfaceOrientationLandscapeLeft UIInterfaceOrientationLandscapeRight";
				INFOPLIST_KEY_UISupportedInterfaceOrientations_iPhone = "UIInterfaceOrientationPortrait UIInterfaceOrientationLandscapeLeft UIInterfaceOrientationLandscapeRight";
				LD_RUNPATH_SEARCH_PATHS = (
					"$(inherited)",
					"@executable_path/Frameworks",
				);
				MARKETING_VERSION = 1.0;
				PRODUCT_BUNDLE_IDENTIFIER = "Personal.Language-Mark";
				PRODUCT_NAME = "$(TARGET_NAME)";
				SWIFT_EMIT_LOC_STRINGS = YES;
				SWIFT_VERSION = 5.0;
				TARGETED_DEVICE_FAMILY = "1,2";
			};
			name = Release;
		};
/* End XCBuildConfiguration section */

/* Begin XCConfigurationList section */
		58B6DB5E2AA7267B006FFA1B /* Build configuration list for PBXProject "Language_Mark" */ = {
			isa = XCConfigurationList;
			buildConfigurations = (
				58B6DB6F2AA7267D006FFA1B /* Debug */,
				58B6DB702AA7267D006FFA1B /* Release */,
			);
			defaultConfigurationIsVisible = 0;
			defaultConfigurationName = Release;
		};
		58B6DB712AA7267D006FFA1B /* Build configuration list for PBXNativeTarget "Language_Mark" */ = {
			isa = XCConfigurationList;
			buildConfigurations = (
				58B6DB722AA7267D006FFA1B /* Debug */,
				58B6DB732AA7267D006FFA1B /* Release */,
			);
			defaultConfigurationIsVisible = 0;
			defaultConfigurationName = Release;
		};
/* End XCConfigurationList section */
	};
	rootObject = 58B6DB5B2AA7267B006FFA1B /* Project object */;
}
